<?xml version="1.0" encoding="utf-8"?>
<Project ToolsVersion="4.0" xmlns="http://schemas.microsoft.com/developer/msbuild/2003">
  <ItemGroup>
    <Filter Include="Source Files">
      <UniqueIdentifier>{4FC737F1-C7A5-4376-A066-2A32D752A2FF}</UniqueIdentifier>
      <Extensions>cpp;c;cc;cxx;c++;cppm;ixx;def;odl;idl;hpj;bat;asm;asmx</Extensions>
    </Filter>
    <Filter Include="Header Files">
      <UniqueIdentifier>{93995380-89BD-4b04-88EB-625FBE52EBFB}</UniqueIdentifier>
      <Extensions>h;hh;hpp;hxx;h++;hm;inl;inc;ipp;xsd</Extensions>
    </Filter>
    <Filter Include="Resource Files">
      <UniqueIdentifier>{67DA6AB6-F800-4c08-8B7A-83BB121AAD01}</UniqueIdentifier>
      <Extensions>rc;ico;cur;bmp;dlg;rc2;rct;bin;rgs;gif;jpg;jpeg;jpe;resx;tiff;tif;png;wav;mfcribbon-ms</Extensions>
    </Filter>
  </ItemGroup>
  <ItemGroup>
    <ClCompile Include="DesignPatterns.cpp">
      <Filter>Source Files</Filter>
    </ClCompile>
    <ClCompile Include="DPChainOfResponsability.cpp">
      <Filter>Source Files</Filter>
    </ClCompile>
    <ClCompile Include="DPUtilities.cpp">
      <Filter>Source Files</Filter>
    </ClCompile>
    <ClCompile Include="DPViews.cpp">
      <Filter>Source Files</Filter>
    </ClCompile>
    <ClCompile Include="DPCommand.cpp">
      <Filter>Source Files</Filter>
    </ClCompile>
    <ClCompile Include="DPMediator.cpp">
      <Filter>Source Files</Filter>
    </ClCompile>
    <ClCompile Include="DPObserver.cpp">
      <Filter>Source Files</Filter>
    </ClCompile>
    <ClCompile Include="DPChainRespObserCmd.cpp">
      <Filter>Source Files</Filter>
    </ClCompile>
    <ClCompile Include="DPInterpreter.cpp">
      <Filter>Source Files</Filter>
    </ClCompile>
    <ClCompile Include="DPState.cpp">
      <Filter>Source Files</Filter>
    </ClCompile>
    <ClCompile Include="DPStrategy.cpp">
      <Filter>Source Files</Filter>
    </ClCompile>
    <ClCompile Include="DPTemplate.cpp">
      <Filter>Source Files</Filter>
    </ClCompile>
    <ClCompile Include="DPVisitor.cpp">
      <Filter>Source Files</Filter>
    </ClCompile>
    <ClCompile Include="DPTempVis.cpp">
      <Filter>Source Files</Filter>
    </ClCompile>
    <ClCompile Include="DPIterator.cpp">
      <Filter>Source Files</Filter>
    </ClCompile>
    <ClCompile Include="DPMemento.cpp">
      <Filter>Source Files</Filter>
    </ClCompile>
    <ClCompile Include="DPNullObject.cpp">
      <Filter>Source Files</Filter>
    </ClCompile>
    <ClCompile Include="DPIterMemNOb.cpp">
      <Filter>Source Files</Filter>
    </ClCompile>
    <ClCompile Include="DPFactoryMethod.cpp">
      <Filter>Source Files</Filter>
    </ClCompile>
    <ClCompile Include="DPAbstractFactory.cpp">
      <Filter>Source Files</Filter>
    </ClCompile>
    <ClCompile Include="DPbuilder.cpp">
      <Filter>Source Files</Filter>
    </ClCompile>
    <ClCompile Include="DPPrototype.cpp">
      <Filter>Source Files</Filter>
    </ClCompile>
    <ClCompile Include="DPSingleton.cpp">
      <Filter>Source Files</Filter>
    </ClCompile>
    <ClCompile Include="DPFacade.cpp">
      <Filter>Source Files</Filter>
    </ClCompile>
    <ClCompile Include="DPAdapter.cpp">
      <Filter>Source Files</Filter>
    </ClCompile>
    <ClCompile Include="DPBridge.cpp">
      <Filter>Source Files</Filter>
    </ClCompile>
    <ClCompile Include="DPComposite.cpp">
      <Filter>Source Files</Filter>
    </ClCompile>
    <ClCompile Include="DPDecorator.cpp">
      <Filter>Source Files</Filter>
    </ClCompile>
    <ClCompile Include="DPFlyweight.cpp">
      <Filter>Source Files</Filter>
    </ClCompile>
  </ItemGroup>
  <ItemGroup>
    <ClInclude Include="DPChainOfResponsability.h">
      <Filter>Header Files</Filter>
    </ClInclude>
    <ClInclude Include="DPUtilities.h">
      <Filter>Header Files</Filter>
    </ClInclude>
    <ClInclude Include="DPViews.h">
      <Filter>Header Files</Filter>
    </ClInclude>
    <ClInclude Include="DPCommand.h">
      <Filter>Header Files</Filter>
    </ClInclude>
    <ClInclude Include="DPMediator.h">
      <Filter>Header Files</Filter>
    </ClInclude>
    <ClInclude Include="DPObserver.h">
      <Filter>Header Files</Filter>
    </ClInclude>
    <ClInclude Include="DPChainRespObserCmd.h">
      <Filter>Header Files</Filter>
    </ClInclude>
    <ClInclude Include="DPInterpreter.h">
      <Filter>Header Files</Filter>
    </ClInclude>
    <ClInclude Include="DPState.h">
      <Filter>Header Files</Filter>
    </ClInclude>
    <ClInclude Include="DPStrategy.h">
      <Filter>Header Files</Filter>
    </ClInclude>
    <ClInclude Include="DPTemplate.h">
      <Filter>Header Files</Filter>
    </ClInclude>
    <ClInclude Include="DPVisitor.h">
      <Filter>Header Files</Filter>
    </ClInclude>
    <ClInclude Include="DPTempVis.h">
      <Filter>Header Files</Filter>
    </ClInclude>
    <ClInclude Include="DPIterator.h">
      <Filter>Header Files</Filter>
    </ClInclude>
    <ClInclude Include="DPMemento.h">
      <Filter>Header Files</Filter>
    </ClInclude>
    <ClInclude Include="DPNullObject.h">
      <Filter>Header Files</Filter>
    </ClInclude>
    <ClInclude Include="DPIterMemNOb.h">
      <Filter>Header Files</Filter>
    </ClInclude>
    <ClInclude Include="DPFactoryMethod.h">
      <Filter>Header Files</Filter>
    </ClInclude>
    <ClInclude Include="DPAbstractFactory.h">
      <Filter>Header Files</Filter>
    </ClInclude>
    <ClInclude Include="DPbuilder.h">
      <Filter>Header Files</Filter>
    </ClInclude>
    <ClInclude Include="DPPrototype.h">
      <Filter>Header Files</Filter>
    </ClInclude>
    <ClInclude Include="DPSingleton.h">
      <Filter>Header Files</Filter>
    </ClInclude>
    <ClInclude Include="DPFacade.h">
      <Filter>Header Files</Filter>
    </ClInclude>
    <ClInclude Include="DPAdapter.h">
      <Filter>Header Files</Filter>
    </ClInclude>
    <ClInclude Include="DPBridge.h">
      <Filter>Header Files</Filter>
    </ClInclude>
    <ClInclude Include="DPComposite.h">
      <Filter>Header Files</Filter>
    </ClInclude>
    <ClInclude Include="DPDecorator.h">
      <Filter>Header Files</Filter>
    </ClInclude>
    <ClInclude Include="DPFlyweight.h">
      <Filter>Header Files</Filter>
    </ClInclude>
  </ItemGroup>
</Project>